
Microsoft Visual Studio Solution File, Format Version 12.00
# Visual Studio 15
VisualStudioVersion = 15.0.26228.52
MinimumVisualStudioVersion = 10.0.40219.1
Project("{8BC9CEB8-8B4A-11D0-8D11-00A0C91BC942}") = "HUAWEI_PROJECT", "HUAWEI_PROJECT\HUAWEI_PROJECT.vcxproj", "{A8730592-4DC6-4D40-AE5E-3E92A7D530CC}"
EndProject
Project("{8BC9CEB8-8B4A-11D0-8D11-00A0C91BC942}") = "TestPart", "TestPart\TestPart.vcxproj", "{089DA449-A7F2-4A7B-865A-CA8F202A1BBB}"
EndProject
Project("{8BC9CEB8-8B4A-11D0-8D11-00A0C91BC942}") = "AliPart", "AliPart\AliPart.vcxproj", "{D8642E4D-E9C4-4DD2-8D94-64106F2D6FA0}"
EndProject
Project("{8BC9CEB8-8B4A-11D0-8D11-00A0C91BC942}") = "C++_Exe", "C++_Exe\C++_Exe.vcxproj", "{4AEF83BA-DF7E-4E7F-BA70-51FC991AF2DA}"
EndProject
Project("{8BC9CEB8-8B4A-11D0-8D11-00A0C91BC942}") = "OO_C++", "OO_C++\OO_C++.vcxproj", "{8E44B303-D3F0-4832-A821-41DA64B8DB49}"
EndProject
Global
	GlobalSection(SolutionConfigurationPlatforms) = preSolution
		Debug|x64 = Debug|x64
		Debug|x86 = Debug|x86
		Release|x64 = Release|x64
		Release|x86 = Release|x86
	EndGlobalSection
	GlobalSection(ProjectConfigurationPlatforms) = postSolution
		{A8730592-4DC6-4D40-AE5E-3E92A7D530CC}.Debug|x64.ActiveCfg = Debug|x64
		{A8730592-4DC6-4D40-AE5E-3E92A7D530CC}.Debug|x64.Build.0 = Debug|x64
		{A8730592-4DC6-4D40-AE5E-3E92A7D530CC}.Debug|x86.ActiveCfg = Debug|Win32
		{A8730592-4DC6-4D40-AE5E-3E92A7D530CC}.Debug|x86.Build.0 = Debug|Win32
		{A8730592-4DC6-4D40-AE5E-3E92A7D530CC}.Release|x64.ActiveCfg = Release|x64
		{A8730592-4DC6-4D40-AE5E-3E92A7D530CC}.Release|x64.Build.0 = Release|x64
		{A8730592-4DC6-4D40-AE5E-3E92A7D530CC}.Release|x86.ActiveCfg = Release|Win32
		{A8730592-4DC6-4D40-AE5E-3E92A7D530CC}.Release|x86.Build.0 = Release|Win32
		{089DA449-A7F2-4A7B-865A-CA8F202A1BBB}.Debug|x64.ActiveCfg = Debug|x64
		{089DA449-A7F2-4A7B-865A-CA8F202A1BBB}.Debug|x64.Build.0 = Debug|x64
		{089DA449-A7F2-4A7B-865A-CA8F202A1BBB}.Debug|x86.ActiveCfg = Debug|Win32
		{089DA449-A7F2-4A7B-865A-CA8F202A1BBB}.Debug|x86.Build.0 = Debug|Win32
		{089DA449-A7F2-4A7B-865A-CA8F202A1BBB}.Release|x64.ActiveCfg = Release|x64
		{089DA449-A7F2-4A7B-865A-CA8F202A1BBB}.Release|x64.Build.0 = Release|x64
		{089DA449-A7F2-4A7B-865A-CA8F202A1BBB}.Release|x86.ActiveCfg = Release|Win32
		{089DA449-A7F2-4A7B-865A-CA8F202A1BBB}.Release|x86.Build.0 = Release|Win32
		{D8642E4D-E9C4-4DD2-8D94-64106F2D6FA0}.Debug|x64.ActiveCfg = Debug|x64
		{D8642E4D-E9C4-4DD2-8D94-64106F2D6FA0}.Debug|x64.Build.0 = Debug|x64
		{D8642E4D-E9C4-4DD2-8D94-64106F2D6FA0}.Debug|x86.ActiveCfg = Debug|Win32
		{D8642E4D-E9C4-4DD2-8D94-64106F2D6FA0}.Debug|x86.Build.0 = Debug|Win32
		{D8642E4D-E9C4-4DD2-8D94-64106F2D6FA0}.Release|x64.ActiveCfg = Release|x64
		{D8642E4D-E9C4-4DD2-8D94-64106F2D6FA0}.Release|x64.Build.0 = Release|x64
		{D8642E4D-E9C4-4DD2-8D94-64106F2D6FA0}.Release|x86.ActiveCfg = Release|Win32
		{D8642E4D-E9C4-4DD2-8D94-64106F2D6FA0}.Release|x86.Build.0 = Release|Win32
		{4AEF83BA-DF7E-4E7F-BA70-51FC991AF2DA}.Debug|x64.ActiveCfg = Debug|x64
		{4AEF83BA-DF7E-4E7F-BA70-51FC991AF2DA}.Debug|x64.Build.0 = Debug|x64
		{4AEF83BA-DF7E-4E7F-BA70-51FC991AF2DA}.Debug|x86.ActiveCfg = Debug|Win32
		{4AEF83BA-DF7E-4E7F-BA70-51FC991AF2DA}.Debug|x86.Build.0 = Debug|Win32
		{4AEF83BA-DF7E-4E7F-BA70-51FC991AF2DA}.Release|x64.ActiveCfg = Release|x64
		{4AEF83BA-DF7E-4E7F-BA70-51FC991AF2DA}.Release|x64.Build.0 = Release|x64
		{4AEF83BA-DF7E-4E7F-BA70-51FC991AF2DA}.Release|x86.ActiveCfg = Release|Win32
		{4AEF83BA-DF7E-4E7F-BA70-51FC991AF2DA}.Release|x86.Build.0 = Release|Win32
		{8E44B303-D3F0-4832-A821-41DA64B8DB49}.Debug|x64.ActiveCfg = Debug|x64
		{8E44B303-D3F0-4832-A821-41DA64B8DB49}.Debug|x64.Build.0 = Debug|x64
		{8E44B303-D3F0-4832-A821-41DA64B8DB49}.Debug|x86.ActiveCfg = Debug|Win32
		{8E44B303-D3F0-4832-A821-41DA64B8DB49}.Debug|x86.Build.0 = Debug|Win32
		{8E44B303-D3F0-4832-A821-41DA64B8DB49}.Release|x64.ActiveCfg = Release|x64
		{8E44B303-D3F0-4832-A821-41DA64B8DB49}.Release|x64.Build.0 = Release|x64
		{8E44B303-D3F0-4832-A821-41DA64B8DB49}.Release|x86.ActiveCfg = Release|Win32
		{8E44B303-D3F0-4832-A821-41DA64B8DB49}.Release|x86.Build.0 = Release|Win32
	EndGlobalSection
	GlobalSection(SolutionProperties) = preSolution
		HideSolutionNode = FALSE
	EndGlobalSection
	GlobalSection(ExtensibilityGlobals) = postSolution
		SolutionGuid = {EA35BBF0-565F-4E88-BF68-74831FF30F24}
	EndGlobalSection
EndGlobal
